
Microsoft Visual Studio Solution File, Format Version 12.00
# Visual Studio 15
VisualStudioVersion = 15.0.27703.2000
MinimumVisualStudioVersion = 10.0.40219.1
Project("{FAE04EC0-301F-11D3-BF4B-00C04F79EFBC}") = "PeopleSearch", "PeopleSearch\PeopleSearch.csproj", "{F3985650-27E4-4C7A-8003-A1002F1639EA}"
EndProject
Project("{FAE04EC0-301F-11D3-BF4B-00C04F79EFBC}") = "PeopleSearch.Tests", "PeopleSearch.Tests\PeopleSearch.Tests.csproj", "{753F62EF-442E-4821-8C1B-99A19901F449}"
EndProject
Global
	GlobalSection(SolutionConfigurationPlatforms) = preSolution
		Debug|Any CPU = Debug|Any CPU
		Release|Any CPU = Release|Any CPU
	EndGlobalSection
	GlobalSection(ProjectConfigurationPlatforms) = postSolution
		{F3985650-27E4-4C7A-8003-A1002F1639EA}.Debug|Any CPU.ActiveCfg = Debug|Any CPU
		{F3985650-27E4-4C7A-8003-A1002F1639EA}.Debug|Any CPU.Build.0 = Debug|Any CPU
		{F3985650-27E4-4C7A-8003-A1002F1639EA}.Release|Any CPU.ActiveCfg = Release|Any CPU
		{F3985650-27E4-4C7A-8003-A1002F1639EA}.Release|Any CPU.Build.0 = Release|Any CPU
		{753F62EF-442E-4821-8C1B-99A19901F449}.Debug|Any CPU.ActiveCfg = Debug|Any CPU
		{753F62EF-442E-4821-8C1B-99A19901F449}.Debug|Any CPU.Build.0 = Debug|Any CPU
		{753F62EF-442E-4821-8C1B-99A19901F449}.Release|Any CPU.ActiveCfg = Release|Any CPU
		{753F62EF-442E-4821-8C1B-99A19901F449}.Release|Any CPU.Build.0 = Release|Any CPU
	EndGlobalSection
	GlobalSection(SolutionProperties) = preSolution
		HideSolutionNode = FALSE
	EndGlobalSection
	GlobalSection(ExtensibilityGlobals) = postSolution
		SolutionGuid = {B9842668-EF83-4DCB-BECA-211FE418C05B}
	EndGlobalSection
EndGlobal
